# THIS IS AN AUTOGENERATED FILE. DO NOT EDIT THIS FILE DIRECTLY.
# yarn lockfile v1


bulma@^0.6.0:
  version "0.6.0"
  resolved "https://registry.yarnpkg.com/bulma/-/bulma-0.6.0.tgz#4f5c5de582810d11aa0cfb1f30aec8a792d0d92c"

inferno-component@3.10.1, inferno-component@^3.10.1:
  version "3.10.1"
  resolved "https://registry.yarnpkg.com/inferno-component/-/inferno-component-3.10.1.tgz#2242409dab4c1f165f3af7c89e4945bcb359b1b3"
  dependencies:
    inferno "3.10.1"
    inferno-shared "3.10.1"
    inferno-vnode-flags "3.10.1"

inferno-create-element@^3.10.1:
  version "3.10.1"
  resolved "https://registry.yarnpkg.com/inferno-create-element/-/inferno-create-element-3.10.1.tgz#acb921e6c0cc9b0f3d90516062375247c0273df9"
  dependencies:
    inferno "3.10.1"
    inferno-component "3.10.1"
    inferno-shared "3.10.1"
    inferno-vnode-flags "3.10.1"

inferno-shared@3.10.1:
  version "3.10.1"
  resolved "https://registry.yarnpkg.com/inferno-shared/-/inferno-shared-3.10.1.tgz#6ad59d64ca03c0fdcc8495d4864410cafee81332"

inferno-vnode-flags@3.10.1:
  version "3.10.1"
  resolved "https://registry.yarnpkg.com/inferno-vnode-flags/-/inferno-vnode-flags-3.10.1.tgz#88a4528a3b4df0f33a3ace68dc45f05b651c0e41"

inferno@3.10.1:
  version "3.10.1"
  resolved "https://registry.yarnpkg.com/inferno/-/inferno-3.10.1.tgz#5d292e6b1e848ef7f09e3e1b6b2029b703b2baf2"
  dependencies:
    inferno-shared "3.10.1"
    inferno-vnode-flags "3.10.1"
